
Microsoft Visual Studio Solution File, Format Version 12.00
# Visual Studio 15
VisualStudioVersion = 15.0.27703.2018
MinimumVisualStudioVersion = 10.0.40219.1
Project("{FAE04EC0-301F-11D3-BF4B-00C04F79EFBC}") = "T_Delegate", "T_Delegate\T_Delegate.csproj", "{FD09637C-542A-4126-9C40-ABB6FDF1AD69}"
EndProject
Global
	GlobalSection(SolutionConfigurationPlatforms) = preSolution
		Debug|Any CPU = Debug|Any CPU
		Release|Any CPU = Release|Any CPU
	EndGlobalSection
	GlobalSection(ProjectConfigurationPlatforms) = postSolution
		{FD09637C-542A-4126-9C40-ABB6FDF1AD69}.Debug|Any CPU.ActiveCfg = Debug|Any CPU
		{FD09637C-542A-4126-9C40-ABB6FDF1AD69}.Debug|Any CPU.Build.0 = Debug|Any CPU
		{FD09637C-542A-4126-9C40-ABB6FDF1AD69}.Release|Any CPU.ActiveCfg = Release|Any CPU
		{FD09637C-542A-4126-9C40-ABB6FDF1AD69}.Release|Any CPU.Build.0 = Release|Any CPU
	EndGlobalSection
	GlobalSection(SolutionProperties) = preSolution
		HideSolutionNode = FALSE
	EndGlobalSection
	GlobalSection(ExtensibilityGlobals) = postSolution
		SolutionGuid = {A1198942-957F-425D-9D63-E4269B076B80}
	EndGlobalSection
EndGlobal
